{
  "nodes": {
    "ags": {
      "inputs": {
        "astal": "astal",
        "nixpkgs": [
          "nixpkgs"
        ]
      },
      "locked": {
        "lastModified": 1731689198,
        "narHash": "sha256-XMFaDht3RHtlwZ7NQKbz2Cd0e4oDMB7syyOd9ifbn98=",
        "owner": "Aylur",
        "repo": "ags",
        "rev": "3e270c8172ae7b61c5e5f24aea69985f792aa000",
        "type": "github"
      },
      "original": {
        "owner": "Aylur",
        "repo": "ags",
        "type": "github"
      }
    },
    "alacritty-theme": {
      "inputs": {
        "alacritty-theme": "alacritty-theme_2",
        "flake-parts": "flake-parts",
        "nixpkgs": [
          "nixpkgs"
        ]
      },
      "locked": {
        "lastModified": 1731594381,
        "narHash": "sha256-zuJsVvFvlrl0/yWtzC0xG1TJpLWjjE4/xRqxrYSI3ig=",
        "owner": "alexghr",
        "repo": "alacritty-theme.nix",
        "rev": "320a093afde159e30da2c0ebbfd009a5718d1fa9",
        "type": "github"
      },
      "original": {
        "owner": "alexghr",
        "repo": "alacritty-theme.nix",
        "type": "github"
      }
    },
    "alacritty-theme_2": {
      "flake": false,
      "locked": {
        "lastModified": 1731178378,
        "narHash": "sha256-V8j0szctuiTTZKfkdudPFloKhHCIjLUYrcABCXgSjqE=",
        "owner": "alacritty",
        "repo": "alacritty-theme",
        "rev": "88b5fac1522f8b52feb429b452114202cf7379e8",
        "type": "github"
      },
      "original": {
        "owner": "alacritty",
        "repo": "alacritty-theme",
        "type": "github"
      }
    },
    "astal": {
      "inputs": {
        "nixpkgs": [
          "ags",
          "nixpkgs"
        ]
      },
      "locked": {
        "lastModified": 1731533099,
        "narHash": "sha256-q0JcigMAoz3bJqCJwms5mR2de5J1Cw5NgjCev+2ylDA=",
        "owner": "aylur",
        "repo": "astal",
        "rev": "f7cfc8eb77a395373bf40f83b0d779ece34a6108",
        "type": "github"
      },
      "original": {
        "owner": "aylur",
        "repo": "astal",
        "type": "github"
      }
    },
    "devshell": {
      "inputs": {
        "nixpkgs": [
          "nixvim",
          "nixpkgs"
        ]
      },
      "locked": {
        "lastModified": 1728330715,
        "narHash": "sha256-xRJ2nPOXb//u1jaBnDP56M7v5ldavjbtR6lfGqSvcKg=",
        "owner": "numtide",
        "repo": "devshell",
        "rev": "dd6b80932022cea34a019e2bb32f6fa9e494dfef",
        "type": "github"
      },
      "original": {
        "owner": "numtide",
        "repo": "devshell",
        "type": "github"
      }
    },
    "disko": {
      "inputs": {
        "nixpkgs": [
          "nixpkgs"
        ]
      },
      "locked": {
        "lastModified": 1731746438,
        "narHash": "sha256-f3SSp1axoOk0NAI7oFdRzbxG2XPBSIXC+/DaAXnvS1A=",
        "owner": "nix-community",
        "repo": "disko",
        "rev": "cb64993826fa7a477490be6ccb38ba1fa1e18fa8",
        "type": "github"
      },
      "original": {
        "owner": "nix-community",
        "repo": "disko",
        "type": "github"
      }
    },
    "flake-compat": {
      "locked": {
        "lastModified": 1696426674,
        "narHash": "sha256-kvjfFW7WAETZlt09AgDn1MrtKzP7t90Vf7vypd3OL1U=",
        "rev": "0f9255e01c2351cc7d116c072cb317785dd33b33",
        "revCount": 57,
        "type": "tarball",
        "url": "https://api.flakehub.com/f/pinned/edolstra/flake-compat/1.0.1/018afb31-abd1-7bff-a5e4-cff7e18efb7a/source.tar.gz"
      },
      "original": {
        "type": "tarball",
        "url": "https://flakehub.com/f/edolstra/flake-compat/1.tar.gz"
      }
    },
    "flake-parts": {
      "inputs": {
        "nixpkgs-lib": "nixpkgs-lib"
      },
      "locked": {
        "lastModified": 1683560683,
        "narHash": "sha256-XAygPMN5Xnk/W2c1aW0jyEa6lfMDZWlQgiNtmHXytPc=",
        "owner": "hercules-ci",
        "repo": "flake-parts",
        "rev": "006c75898cf814ef9497252b022e91c946ba8e17",
        "type": "github"
      },
      "original": {
        "owner": "hercules-ci",
        "repo": "flake-parts",
        "type": "github"
      }
    },
    "flake-parts_2": {
      "inputs": {
        "nixpkgs-lib": [
          "nixvim",
          "nixpkgs"
        ]
      },
      "locked": {
        "lastModified": 1730504689,
        "narHash": "sha256-hgmguH29K2fvs9szpq2r3pz2/8cJd2LPS+b4tfNFCwE=",
        "owner": "hercules-ci",
        "repo": "flake-parts",
        "rev": "506278e768c2a08bec68eb62932193e341f55c90",
        "type": "github"
      },
      "original": {
        "owner": "hercules-ci",
        "repo": "flake-parts",
        "type": "github"
      }
    },
    "flake-utils": {
      "inputs": {
        "systems": "systems"
      },
      "locked": {
        "lastModified": 1731533236,
        "narHash": "sha256-l0KFg5HjrsfsO/JpG+r7fRrqm12kzFHyUHqHCVpMMbI=",
        "owner": "numtide",
        "repo": "flake-utils",
        "rev": "11707dc2f618dd54ca8739b309ec4fc024de578b",
        "type": "github"
      },
      "original": {
        "owner": "numtide",
        "repo": "flake-utils",
        "type": "github"
      }
    },
    "flake-utils_2": {
      "inputs": {
        "systems": "systems_2"
      },
      "locked": {
        "lastModified": 1694529238,
        "narHash": "sha256-zsNZZGTGnMOf9YpHKJqMSsa0dXbfmxeoJ7xHlrt+xmY=",
        "owner": "numtide",
        "repo": "flake-utils",
        "rev": "ff7b65b44d01cf9ba6a71320833626af21126384",
        "type": "github"
      },
      "original": {
        "owner": "numtide",
        "repo": "flake-utils",
        "type": "github"
      }
    },
    "flake-utils_3": {
      "locked": {
        "lastModified": 1667395993,
        "narHash": "sha256-nuEHfE/LcWyuSWnS8t12N1wc105Qtau+/OdUAjtQ0rA=",
        "owner": "numtide",
        "repo": "flake-utils",
        "rev": "5aed5285a952e0b949eb3ba02c12fa4fcfef535f",
        "type": "github"
      },
      "original": {
        "owner": "numtide",
        "repo": "flake-utils",
        "type": "github"
      }
    },
    "git-hooks": {
      "inputs": {
        "flake-compat": [
          "nixvim",
          "flake-compat"
        ],
        "gitignore": "gitignore",
        "nixpkgs": [
          "nixvim",
          "nixpkgs"
        ],
        "nixpkgs-stable": [
          "nixvim",
          "nixpkgs"
        ]
      },
      "locked": {
        "lastModified": 1731363552,
        "narHash": "sha256-vFta1uHnD29VUY4HJOO/D6p6rxyObnf+InnSMT4jlMU=",
        "owner": "cachix",
        "repo": "git-hooks.nix",
        "rev": "cd1af27aa85026ac759d5d3fccf650abe7e1bbf0",
        "type": "github"
      },
      "original": {
        "owner": "cachix",
        "repo": "git-hooks.nix",
        "type": "github"
      }
    },
    "gitignore": {
      "inputs": {
        "nixpkgs": [
          "nixvim",
          "git-hooks",
          "nixpkgs"
        ]
      },
      "locked": {
        "lastModified": 1709087332,
        "narHash": "sha256-HG2cCnktfHsKV0s4XW83gU3F57gaTljL9KNSuG6bnQs=",
        "owner": "hercules-ci",
        "repo": "gitignore.nix",
        "rev": "637db329424fd7e46cf4185293b9cc8c88c95394",
        "type": "github"
      },
      "original": {
        "owner": "hercules-ci",
        "repo": "gitignore.nix",
        "type": "github"
      }
    },
    "gitignore_2": {
      "inputs": {
        "nixpkgs": [
          "templ",
          "nixpkgs"
        ]
      },
      "locked": {
        "lastModified": 1709087332,
        "narHash": "sha256-HG2cCnktfHsKV0s4XW83gU3F57gaTljL9KNSuG6bnQs=",
        "owner": "hercules-ci",
        "repo": "gitignore.nix",
        "rev": "637db329424fd7e46cf4185293b9cc8c88c95394",
        "type": "github"
      },
      "original": {
        "owner": "hercules-ci",
        "repo": "gitignore.nix",
        "type": "github"
      }
    },
    "gomod2nix": {
      "inputs": {
        "flake-utils": "flake-utils_2",
        "nixpkgs": [
          "templ",
          "nixpkgs"
        ]
      },
      "locked": {
        "lastModified": 1722589758,
        "narHash": "sha256-sbbA8b6Q2vB/t/r1znHawoXLysCyD4L/6n6/RykiSnA=",
        "owner": "nix-community",
        "repo": "gomod2nix",
        "rev": "4e08ca09253ef996bd4c03afa383b23e35fe28a1",
        "type": "github"
      },
      "original": {
        "owner": "nix-community",
        "repo": "gomod2nix",
        "type": "github"
      }
    },
    "home-manager": {
      "inputs": {
        "nixpkgs": [
          "nixpkgs"
        ]
      },
      "locked": {
        "lastModified": 1731832479,
        "narHash": "sha256-icDDuYwJ0avTMZTxe1qyU/Baht5JOqw4pb5mWpR+hT0=",
        "owner": "nix-community",
        "repo": "home-manager",
        "rev": "5056a1cf0ce7c2a08ab50713b6c4af77975f6111",
        "type": "github"
      },
      "original": {
        "owner": "nix-community",
        "repo": "home-manager",
        "type": "github"
      }
    },
    "home-manager_2": {
      "inputs": {
        "nixpkgs": [
          "nixvim",
          "nixpkgs"
        ]
      },
      "locked": {
        "lastModified": 1731604581,
        "narHash": "sha256-Qq2YZZaDTB3FZLWU/Hgh1uuWlUBl3cMLGB99bm7rFUM=",
        "owner": "nix-community",
        "repo": "home-manager",
        "rev": "1d0862ee2d7c6f6cd720d6f32213fa425004be10",
        "type": "github"
      },
      "original": {
        "owner": "nix-community",
        "repo": "home-manager",
        "type": "github"
      }
    },
    "ixx": {
      "inputs": {
        "flake-utils": [
          "nixvim",
          "nuschtosSearch",
          "flake-utils"
        ],
        "nixpkgs": [
          "nixvim",
          "nuschtosSearch",
          "nixpkgs"
        ]
      },
      "locked": {
        "lastModified": 1729958008,
        "narHash": "sha256-EiOq8jF4Z/zQe0QYVc3+qSKxRK//CFHMB84aYrYGwEs=",
        "owner": "NuschtOS",
        "repo": "ixx",
        "rev": "9fd01aad037f345350eab2cd45e1946cc66da4eb",
        "type": "github"
      },
      "original": {
        "owner": "NuschtOS",
        "ref": "v0.0.6",
        "repo": "ixx",
        "type": "github"
      }
    },
    "matugen": {
      "inputs": {
        "nixpkgs": [
          "nixpkgs"
        ]
      },
      "locked": {
        "lastModified": 1711657889,
        "narHash": "sha256-4VX7Rt+ftEH8nwg59eT7TsvHYUf8/euUmwh/JLc4rLc=",
        "owner": "InioX",
        "repo": "matugen",
        "rev": "566277529dadc2b149a8bd8b9859ea791ecdef26",
        "type": "github"
      },
      "original": {
        "owner": "InioX",
        "ref": "v2.2.0",
        "repo": "matugen",
        "type": "github"
      }
    },
    "nix-darwin": {
      "inputs": {
        "nixpkgs": [
          "nixvim",
          "nixpkgs"
        ]
      },
      "locked": {
        "lastModified": 1731642829,
        "narHash": "sha256-vG+O2RZRzYZ8BUMNNJ+BLSj6PUoGW7taDQbp6QNJ3Xo=",
        "owner": "lnl7",
        "repo": "nix-darwin",
        "rev": "f86f158efd4bab8dce3e207e4621f1df3a760b7a",
        "type": "github"
      },
      "original": {
        "owner": "lnl7",
        "repo": "nix-darwin",
        "type": "github"
      }
    },
    "nixos-hardware": {
      "locked": {
        "lastModified": 1732483221,
        "narHash": "sha256-kF6rDeCshoCgmQz+7uiuPdREVFuzhIorGOoPXMalL2U=",
        "owner": "NixOs",
        "repo": "nixos-hardware",
        "rev": "45348ad6fb8ac0e8415f6e5e96efe47dd7f39405",
        "type": "github"
      },
      "original": {
        "owner": "NixOs",
        "ref": "master",
        "repo": "nixos-hardware",
        "type": "github"
      }
    },
    "nixpkgs": {
      "locked": {
        "lastModified": 1731676054,
        "narHash": "sha256-OZiZ3m8SCMfh3B6bfGC/Bm4x3qc1m2SVEAlkV6iY7Yg=",
        "owner": "NixOS",
        "repo": "nixpkgs",
        "rev": "5e4fbfb6b3de1aa2872b76d49fafc942626e2add",
        "type": "github"
      },
      "original": {
        "owner": "NixOS",
        "ref": "nixos-unstable",
        "repo": "nixpkgs",
        "type": "github"
      }
    },
    "nixpkgs-lib": {
      "locked": {
        "dir": "lib",
        "lastModified": 1682879489,
        "narHash": "sha256-sASwo8gBt7JDnOOstnps90K1wxmVfyhsTPPNTGBPjjg=",
        "owner": "NixOS",
        "repo": "nixpkgs",
        "rev": "da45bf6ec7bbcc5d1e14d3795c025199f28e0de0",
        "type": "github"
      },
      "original": {
        "dir": "lib",
        "owner": "NixOS",
        "ref": "nixos-unstable",
        "repo": "nixpkgs",
        "type": "github"
      }
    },
    "nixpkgs-unstable": {
      "locked": {
        "lastModified": 1731676054,
        "narHash": "sha256-OZiZ3m8SCMfh3B6bfGC/Bm4x3qc1m2SVEAlkV6iY7Yg=",
        "owner": "nixos",
        "repo": "nixpkgs",
        "rev": "5e4fbfb6b3de1aa2872b76d49fafc942626e2add",
        "type": "github"
      },
      "original": {
        "owner": "nixos",
        "ref": "nixos-unstable",
        "repo": "nixpkgs",
        "type": "github"
      }
    },
    "nixpkgs_2": {
      "locked": {
        "lastModified": 1727348695,
        "narHash": "sha256-J+PeFKSDV+pHL7ukkfpVzCOO7mBSrrpJ3svwBFABbhI=",
        "owner": "nixos",
        "repo": "nixpkgs",
        "rev": "1925c603f17fc89f4c8f6bf6f631a802ad85d784",
        "type": "github"
      },
      "original": {
        "owner": "nixos",
        "ref": "nixos-unstable",
        "repo": "nixpkgs",
        "type": "github"
      }
    },
    "nixvim": {
      "inputs": {
        "devshell": "devshell",
        "flake-compat": "flake-compat",
        "flake-parts": "flake-parts_2",
        "git-hooks": "git-hooks",
        "home-manager": "home-manager_2",
        "nix-darwin": "nix-darwin",
        "nixpkgs": [
          "nixpkgs"
        ],
        "nuschtosSearch": "nuschtosSearch",
        "treefmt-nix": "treefmt-nix"
      },
      "locked": {
        "lastModified": 1731780782,
        "narHash": "sha256-CG3rcxcZEViYEUTAXatqXrW0Gn9tQvydF+lLYH+0VPA=",
        "owner": "nix-community",
        "repo": "nixvim",
        "rev": "9d99d7cfdbd7f94da9571a4d7bbb9de185241935",
        "type": "github"
      },
      "original": {
        "owner": "nix-community",
        "repo": "nixvim",
        "type": "github"
      }
    },
    "nuschtosSearch": {
      "inputs": {
        "flake-utils": "flake-utils",
        "ixx": "ixx",
        "nixpkgs": [
          "nixvim",
          "nixpkgs"
        ]
      },
      "locked": {
        "lastModified": 1731582522,
        "narHash": "sha256-1w6aM4bG5cl2E4jHLPnMKkrUO4tY1jUX1NI6/RwJN7Y=",
        "owner": "NuschtOS",
        "repo": "search",
        "rev": "13300b2297c51368e0892c3ebe220f688014fe15",
        "type": "github"
      },
      "original": {
        "owner": "NuschtOS",
        "repo": "search",
        "type": "github"
      }
    },
    "root": {
      "inputs": {
        "ags": "ags",
        "alacritty-theme": "alacritty-theme",
        "disko": "disko",
        "home-manager": "home-manager",
        "matugen": "matugen",
        "nixos-hardware": "nixos-hardware",
        "nixpkgs": "nixpkgs",
        "nixpkgs-unstable": "nixpkgs-unstable",
        "nixvim": "nixvim",
        "templ": "templ",
        "zen-browser": "zen-browser"
      }
    },
    "systems": {
      "locked": {
        "lastModified": 1681028828,
        "narHash": "sha256-Vy1rq5AaRuLzOxct8nz4T6wlgyUR7zLU309k9mBC768=",
        "owner": "nix-systems",
        "repo": "default",
        "rev": "da67096a3b9bf56a91d16901293e51ba5b49a27e",
        "type": "github"
      },
      "original": {
        "owner": "nix-systems",
        "repo": "default",
        "type": "github"
      }
    },
    "systems_2": {
      "locked": {
        "lastModified": 1681028828,
        "narHash": "sha256-Vy1rq5AaRuLzOxct8nz4T6wlgyUR7zLU309k9mBC768=",
        "owner": "nix-systems",
        "repo": "default",
        "rev": "da67096a3b9bf56a91d16901293e51ba5b49a27e",
        "type": "github"
      },
      "original": {
        "owner": "nix-systems",
        "repo": "default",
        "type": "github"
      }
    },
    "templ": {
      "inputs": {
        "gitignore": "gitignore_2",
        "gomod2nix": "gomod2nix",
        "nixpkgs": [
          "nixpkgs"
        ],
        "xc": "xc"
      },
      "locked": {
        "lastModified": 1731445789,
        "narHash": "sha256-0FNbXesXN9V433fhmCN0aeSERnvZb79Za+33wk5MjSc=",
        "owner": "a-h",
        "repo": "templ",
        "rev": "9c8ad4d85739285905494435bfd4b76455a3f98f",
        "type": "github"
      },
      "original": {
        "owner": "a-h",
        "repo": "templ",
        "type": "github"
      }
    },
    "treefmt-nix": {
      "inputs": {
        "nixpkgs": [
          "nixvim",
          "nixpkgs"
        ]
      },
      "locked": {
        "lastModified": 1730321837,
        "narHash": "sha256-vK+a09qq19QNu2MlLcvN4qcRctJbqWkX7ahgPZ/+maI=",
        "owner": "numtide",
        "repo": "treefmt-nix",
        "rev": "746901bb8dba96d154b66492a29f5db0693dbfcc",
        "type": "github"
      },
      "original": {
        "owner": "numtide",
        "repo": "treefmt-nix",
        "type": "github"
      }
    },
    "xc": {
      "inputs": {
        "flake-utils": "flake-utils_3",
        "nixpkgs": [
          "templ",
          "nixpkgs"
        ]
      },
      "locked": {
        "lastModified": 1724404748,
        "narHash": "sha256-p6rXzNiDm2uBvO1MLzC5pJp/0zRNzj/snBzZI0ce62s=",
        "owner": "joerdav",
        "repo": "xc",
        "rev": "960ff9f109d47a19122cfb015721a76e3a0f23a2",
        "type": "github"
      },
      "original": {
        "owner": "joerdav",
        "repo": "xc",
        "type": "github"
      }
    },
    "zen-browser": {
      "inputs": {
        "nixpkgs": "nixpkgs_2"
      },
      "locked": {
        "lastModified": 1727721329,
        "narHash": "sha256-QYlWZwUSwrM7BuO+dXclZIwoPvBIuJr6GpFKv9XKFPI=",
        "owner": "MarceColl",
        "repo": "zen-browser-flake",
        "rev": "e6ab73f405e9a2896cce5956c549a9cc359e5fcc",
        "type": "github"
      },
      "original": {
        "owner": "MarceColl",
        "repo": "zen-browser-flake",
        "type": "github"
      }
    }
  },
  "root": "root",
  "version": 7
}
